
Microsoft Visual Studio Solution File, Format Version 12.00
# Visual Studio Version 16
VisualStudioVersion = 16.0.30523.141
MinimumVisualStudioVersion = 10.0.40219.1
Project("{FAE04EC0-301F-11D3-BF4B-00C04F79EFBC}") = "DummyMicroservice", "DummyMicroservice.csproj", "{7E166D76-B971-40A4-9F79-D21D630C6225}"
EndProject
Global
	GlobalSection(SolutionConfigurationPlatforms) = preSolution
		Debug|Any CPU = Debug|Any CPU
		Release|Any CPU = Release|Any CPU
	EndGlobalSection
	GlobalSection(ProjectConfigurationPlatforms) = postSolution
		{7E166D76-B971-40A4-9F79-D21D630C6225}.Debug|Any CPU.ActiveCfg = Debug|Any CPU
		{7E166D76-B971-40A4-9F79-D21D630C6225}.Debug|Any CPU.Build.0 = Debug|Any CPU
		{7E166D76-B971-40A4-9F79-D21D630C6225}.Release|Any CPU.ActiveCfg = Release|Any CPU
		{7E166D76-B971-40A4-9F79-D21D630C6225}.Release|Any CPU.Build.0 = Release|Any CPU
	EndGlobalSection
	GlobalSection(SolutionProperties) = preSolution
		HideSolutionNode = FALSE
	EndGlobalSection
	GlobalSection(ExtensibilityGlobals) = postSolution
		SolutionGuid = {FC09C962-A64E-44D6-B6DC-6EB6182585DA}
	EndGlobalSection
EndGlobal
